
Microsoft Visual Studio Solution File, Format Version 12.00
# Visual Studio Version 17
VisualStudioVersion = 17.11.35327.3
MinimumVisualStudioVersion = 10.0.40219.1
Project("{FAE04EC0-301F-11D3-BF4B-00C04F79EFBC}") = "WebApplication2", "WebApplication2\WebApplication2.csproj", "{7C820F30-FA51-4529-9CEC-011DB4814086}"
EndProject
Global
	GlobalSection(SolutionConfigurationPlatforms) = preSolution
		Debug|Any CPU = Debug|Any CPU
		Release|Any CPU = Release|Any CPU
	EndGlobalSection
	GlobalSection(ProjectConfigurationPlatforms) = postSolution
		{7C820F30-FA51-4529-9CEC-011DB4814086}.Debug|Any CPU.ActiveCfg = Debug|Any CPU
		{7C820F30-FA51-4529-9CEC-011DB4814086}.Debug|Any CPU.Build.0 = Debug|Any CPU
		{7C820F30-FA51-4529-9CEC-011DB4814086}.Release|Any CPU.ActiveCfg = Release|Any CPU
		{7C820F30-FA51-4529-9CEC-011DB4814086}.Release|Any CPU.Build.0 = Release|Any CPU
	EndGlobalSection
	GlobalSection(SolutionProperties) = preSolution
		HideSolutionNode = FALSE
	EndGlobalSection
	GlobalSection(ExtensibilityGlobals) = postSolution
		SolutionGuid = {46F14240-C299-490D-AC49-A8F943415D3B}
	EndGlobalSection
EndGlobal
